
Microsoft Visual Studio Solution File, Format Version 12.00
# Visual Studio Version 17
VisualStudioVersion = 17.12.35527.113
MinimumVisualStudioVersion = 10.0.40219.1
Project("{8BC9CEB8-8B4A-11D0-8D11-00A0C91BC942}") = "NetLibrary", "NetLibrary\NetLibrary.vcxproj", "{D91A3769-546E-45F8-BD72-E17AF6F571F3}"
EndProject
Project("{8BC9CEB8-8B4A-11D0-8D11-00A0C91BC942}") = "MainServer", "MainServer\MainServer.vcxproj", "{61DE1051-7F0C-4C29-9C38-02BE53B246B3}"
EndProject
Project("{54A90642-561A-4BB1-A94E-469ADEE60C69}") = "Login", "Login\Login.esproj", "{34BF4C16-E822-4847-9E1E-219DD3A418AA}"
EndProject
Project("{FAE04EC0-301F-11D3-BF4B-00C04F79EFBC}") = "Client", "Client\Client.csproj", "{AE7EEA74-2FE0-136F-D797-854FD87E022A}"
	ProjectSection(ProjectDependencies) = postProject
		{D91A3769-546E-45F8-BD72-E17AF6F571F3} = {D91A3769-546E-45F8-BD72-E17AF6F571F3}
	EndProjectSection
EndProject
Project("{FAE04EC0-301F-11D3-BF4B-00C04F79EFBC}") = "ClientCore", "ClientCore\ClientCore.csproj", "{6844F08C-DB0E-4034-919B-1A3EDADEBB4C}"
EndProject
Project("{8BC9CEB8-8B4A-11D0-8D11-00A0C91BC942}") = "CoreLib", "CoreLib\CoreLib.vcxproj", "{38477BEA-387B-4A18-B6CA-8DCE0A9CFEA7}"
EndProject
Project("{8BC9CEB8-8B4A-11D0-8D11-00A0C91BC942}") = "ExternalLib", "ExternalLib\ExternalLib.vcxproj", "{7C955121-9CD5-40AE-8B6C-B79A04EBE553}"
EndProject
Project("{8BC9CEB8-8B4A-11D0-8D11-00A0C91BC942}") = "CacheLib", "CacheLib\CacheLib.vcxproj", "{C76D26F8-548E-4AF9-BDD3-E4E7657ECD50}"
EndProject
Project("{8BC9CEB8-8B4A-11D0-8D11-00A0C91BC942}") = "BaseLib", "BaseLib\BaseLib.vcxproj", "{1EBFC4A8-22E7-4752-BC34-B968F89DC757}"
EndProject
Project("{2150E333-8FDC-42A3-9474-1A3956D46DE8}") = "솔루션 항목", "솔루션 항목", "{2A3A057F-5D22-31FD-628C-DF5EF75AEF1E}"
	ProjectSection(SolutionItems) = preProject
		README.md = README.md
	EndProjectSection
EndProject
Project("{2150E333-8FDC-42A3-9474-1A3956D46DE8}") = "Concept", "Concept", "{C8D5274F-AC00-46C7-1F8D-E88E81087A52}"
	ProjectSection(SolutionItems) = preProject
		IOCP&epoll.md = IOCP&epoll.md
		LockFreeQueue.md = LockFreeQueue.md
		memory_order.md = memory_order.md
		StructuredLogging.md = StructuredLogging.md
		TripleBuffer.md = TripleBuffer.md
	EndProjectSection
EndProject
Project("{2150E333-8FDC-42A3-9474-1A3956D46DE8}") = "Design", "Design", "{F0F87F94-7836-4275-9E8B-AF797CBC0540}"
	ProjectSection(SolutionItems) = preProject
		ClientContext.md = ClientContext.md
		DummyTest.md = DummyTest.md
		FloodDetect.md = FloodDetect.md
		Monitoring.md = Monitoring.md
		Monster.md = Monster.md
		PingLoop.md = PingLoop.md
		Skill.md = Skill.md
		Snapshot.md = Snapshot.md
		Tick.md = Tick.md
	EndProjectSection
EndProject
Project("{2150E333-8FDC-42A3-9474-1A3956D46DE8}") = "Images", "Images", "{1A67903F-5C0B-4FD6-876B-B0088C77C6B6}"
	ProjectSection(SolutionItems) = preProject
		images\FloodCheckFlowChart.png = images\FloodCheckFlowChart.png
		images\flushQueue.png = images\flushQueue.png
		images\IOCPWorkerThreadRecv.png = images\IOCPWorkerThreadRecv.png
		images\LockFreeQueue1.png = images\LockFreeQueue1.png
		images\LockFreeQueue2.png = images\LockFreeQueue2.png
		images\LockFreeQueue3.png = images\LockFreeQueue3.png
		images\LockFreeQueue4.png = images\LockFreeQueue4.png
		images\monitoring.png = images\monitoring.png
		images\SessionManagerDeadLock1.png = images\SessionManagerDeadLock1.png
		images\SessionManagerDeadLock2.png = images\SessionManagerDeadLock2.png
		images\StackOverflow.png = images\StackOverflow.png
		images\TCP&UDP.png = images\TCP&UDP.png
	EndProjectSection
EndProject
Project("{2150E333-8FDC-42A3-9474-1A3956D46DE8}") = "Gif", "Gif", "{1EAD1855-C4A5-4C63-AC48-2766B77829DD}"
	ProjectSection(SolutionItems) = preProject
		images\AfterAOI.gif = images\AfterAOI.gif
		images\BeforeAOI.gif = images\BeforeAOI.gif
		images\BossMonster.gif = images\BossMonster.gif
		images\ChatGlobal.gif = images\ChatGlobal.gif
		images\ChatWhisper.gif = images\ChatWhisper.gif
		images\ChatZone.gif = images\ChatZone.gif
		images\SkillAOI.gif = images\SkillAOI.gif
		images\WindowTimerResolution.gif = images\WindowTimerResolution.gif
	EndProjectSection
EndProject
Project("{2150E333-8FDC-42A3-9474-1A3956D46DE8}") = "Debug", "Debug", "{04961DE9-96A0-4081-AB5A-BAF900334FF2}"
	ProjectSection(SolutionItems) = preProject
		LockFreeQueueDebug.md = LockFreeQueueDebug.md
		MemoryOrderDebug.md = MemoryOrderDebug.md
		SessionManagerDeadLock.md = SessionManagerDeadLock.md
	EndProjectSection
EndProject
Project("{FAE04EC0-301F-11D3-BF4B-00C04F79EFBC}") = "DummyClients", "DummyClients\DummyClients.csproj", "{C6494044-85D7-486D-AAF6-D9B11C69CCE3}"
EndProject
Global
	GlobalSection(SolutionConfigurationPlatforms) = preSolution
		Debug|Any CPU = Debug|Any CPU
		Debug|ARM64 = Debug|ARM64
		Debug|x64 = Debug|x64
		Debug|x86 = Debug|x86
		Release|Any CPU = Release|Any CPU
		Release|ARM64 = Release|ARM64
		Release|x64 = Release|x64
		Release|x86 = Release|x86
	EndGlobalSection
	GlobalSection(ProjectConfigurationPlatforms) = postSolution
		{D91A3769-546E-45F8-BD72-E17AF6F571F3}.Debug|Any CPU.ActiveCfg = Debug|x64
		{D91A3769-546E-45F8-BD72-E17AF6F571F3}.Debug|Any CPU.Build.0 = Debug|x64
		{D91A3769-546E-45F8-BD72-E17AF6F571F3}.Debug|ARM64.ActiveCfg = Debug|ARM64
		{D91A3769-546E-45F8-BD72-E17AF6F571F3}.Debug|ARM64.Build.0 = Debug|ARM64
		{D91A3769-546E-45F8-BD72-E17AF6F571F3}.Debug|x64.ActiveCfg = Debug|x64
		{D91A3769-546E-45F8-BD72-E17AF6F571F3}.Debug|x64.Build.0 = Debug|x64
		{D91A3769-546E-45F8-BD72-E17AF6F571F3}.Debug|x86.ActiveCfg = Debug|Win32
		{D91A3769-546E-45F8-BD72-E17AF6F571F3}.Debug|x86.Build.0 = Debug|Win32
		{D91A3769-546E-45F8-BD72-E17AF6F571F3}.Release|Any CPU.ActiveCfg = Release|x64
		{D91A3769-546E-45F8-BD72-E17AF6F571F3}.Release|Any CPU.Build.0 = Release|x64
		{D91A3769-546E-45F8-BD72-E17AF6F571F3}.Release|ARM64.ActiveCfg = Release|ARM64
		{D91A3769-546E-45F8-BD72-E17AF6F571F3}.Release|ARM64.Build.0 = Release|ARM64
		{D91A3769-546E-45F8-BD72-E17AF6F571F3}.Release|x64.ActiveCfg = Release|x64
		{D91A3769-546E-45F8-BD72-E17AF6F571F3}.Release|x64.Build.0 = Release|x64
		{D91A3769-546E-45F8-BD72-E17AF6F571F3}.Release|x86.ActiveCfg = Release|Win32
		{D91A3769-546E-45F8-BD72-E17AF6F571F3}.Release|x86.Build.0 = Release|Win32
		{61DE1051-7F0C-4C29-9C38-02BE53B246B3}.Debug|Any CPU.ActiveCfg = Debug|x64
		{61DE1051-7F0C-4C29-9C38-02BE53B246B3}.Debug|Any CPU.Build.0 = Debug|x64
		{61DE1051-7F0C-4C29-9C38-02BE53B246B3}.Debug|ARM64.ActiveCfg = Debug|ARM64
		{61DE1051-7F0C-4C29-9C38-02BE53B246B3}.Debug|ARM64.Build.0 = Debug|ARM64
		{61DE1051-7F0C-4C29-9C38-02BE53B246B3}.Debug|x64.ActiveCfg = Debug|x64
		{61DE1051-7F0C-4C29-9C38-02BE53B246B3}.Debug|x64.Build.0 = Debug|x64
		{61DE1051-7F0C-4C29-9C38-02BE53B246B3}.Debug|x86.ActiveCfg = Debug|Win32
		{61DE1051-7F0C-4C29-9C38-02BE53B246B3}.Debug|x86.Build.0 = Debug|Win32
		{61DE1051-7F0C-4C29-9C38-02BE53B246B3}.Release|Any CPU.ActiveCfg = Release|x64
		{61DE1051-7F0C-4C29-9C38-02BE53B246B3}.Release|Any CPU.Build.0 = Release|x64
		{61DE1051-7F0C-4C29-9C38-02BE53B246B3}.Release|ARM64.ActiveCfg = Release|ARM64
		{61DE1051-7F0C-4C29-9C38-02BE53B246B3}.Release|ARM64.Build.0 = Release|ARM64
		{61DE1051-7F0C-4C29-9C38-02BE53B246B3}.Release|x64.ActiveCfg = Release|x64
		{61DE1051-7F0C-4C29-9C38-02BE53B246B3}.Release|x64.Build.0 = Release|x64
		{61DE1051-7F0C-4C29-9C38-02BE53B246B3}.Release|x86.ActiveCfg = Release|Win32
		{61DE1051-7F0C-4C29-9C38-02BE53B246B3}.Release|x86.Build.0 = Release|Win32
		{34BF4C16-E822-4847-9E1E-219DD3A418AA}.Debug|Any CPU.ActiveCfg = Debug|Any CPU
		{34BF4C16-E822-4847-9E1E-219DD3A418AA}.Debug|Any CPU.Build.0 = Debug|Any CPU
		{34BF4C16-E822-4847-9E1E-219DD3A418AA}.Debug|Any CPU.Deploy.0 = Debug|Any CPU
		{34BF4C16-E822-4847-9E1E-219DD3A418AA}.Debug|ARM64.ActiveCfg = Debug|Any CPU
		{34BF4C16-E822-4847-9E1E-219DD3A418AA}.Debug|ARM64.Build.0 = Debug|Any CPU
		{34BF4C16-E822-4847-9E1E-219DD3A418AA}.Debug|ARM64.Deploy.0 = Debug|Any CPU
		{34BF4C16-E822-4847-9E1E-219DD3A418AA}.Debug|x64.ActiveCfg = Debug|Any CPU
		{34BF4C16-E822-4847-9E1E-219DD3A418AA}.Debug|x64.Build.0 = Debug|Any CPU
		{34BF4C16-E822-4847-9E1E-219DD3A418AA}.Debug|x64.Deploy.0 = Debug|Any CPU
		{34BF4C16-E822-4847-9E1E-219DD3A418AA}.Debug|x86.ActiveCfg = Debug|Any CPU
		{34BF4C16-E822-4847-9E1E-219DD3A418AA}.Debug|x86.Build.0 = Debug|Any CPU
		{34BF4C16-E822-4847-9E1E-219DD3A418AA}.Debug|x86.Deploy.0 = Debug|Any CPU
		{34BF4C16-E822-4847-9E1E-219DD3A418AA}.Release|Any CPU.ActiveCfg = Release|Any CPU
		{34BF4C16-E822-4847-9E1E-219DD3A418AA}.Release|Any CPU.Build.0 = Release|Any CPU
		{34BF4C16-E822-4847-9E1E-219DD3A418AA}.Release|Any CPU.Deploy.0 = Release|Any CPU
		{34BF4C16-E822-4847-9E1E-219DD3A418AA}.Release|ARM64.ActiveCfg = Release|Any CPU
		{34BF4C16-E822-4847-9E1E-219DD3A418AA}.Release|ARM64.Build.0 = Release|Any CPU
		{34BF4C16-E822-4847-9E1E-219DD3A418AA}.Release|ARM64.Deploy.0 = Release|Any CPU
		{34BF4C16-E822-4847-9E1E-219DD3A418AA}.Release|x64.ActiveCfg = Release|Any CPU
		{34BF4C16-E822-4847-9E1E-219DD3A418AA}.Release|x64.Build.0 = Release|Any CPU
		{34BF4C16-E822-4847-9E1E-219DD3A418AA}.Release|x64.Deploy.0 = Release|Any CPU
		{34BF4C16-E822-4847-9E1E-219DD3A418AA}.Release|x86.ActiveCfg = Release|Any CPU
		{34BF4C16-E822-4847-9E1E-219DD3A418AA}.Release|x86.Build.0 = Release|Any CPU
		{34BF4C16-E822-4847-9E1E-219DD3A418AA}.Release|x86.Deploy.0 = Release|Any CPU
		{AE7EEA74-2FE0-136F-D797-854FD87E022A}.Debug|Any CPU.ActiveCfg = Debug|Any CPU
		{AE7EEA74-2FE0-136F-D797-854FD87E022A}.Debug|Any CPU.Build.0 = Debug|Any CPU
		{AE7EEA74-2FE0-136F-D797-854FD87E022A}.Debug|ARM64.ActiveCfg = Debug|Any CPU
		{AE7EEA74-2FE0-136F-D797-854FD87E022A}.Debug|ARM64.Build.0 = Debug|Any CPU
		{AE7EEA74-2FE0-136F-D797-854FD87E022A}.Debug|x64.ActiveCfg = Debug|Any CPU
		{AE7EEA74-2FE0-136F-D797-854FD87E022A}.Debug|x64.Build.0 = Debug|Any CPU
		{AE7EEA74-2FE0-136F-D797-854FD87E022A}.Debug|x86.ActiveCfg = Debug|Any CPU
		{AE7EEA74-2FE0-136F-D797-854FD87E022A}.Debug|x86.Build.0 = Debug|Any CPU
		{AE7EEA74-2FE0-136F-D797-854FD87E022A}.Release|Any CPU.ActiveCfg = Release|Any CPU
		{AE7EEA74-2FE0-136F-D797-854FD87E022A}.Release|Any CPU.Build.0 = Release|Any CPU
		{AE7EEA74-2FE0-136F-D797-854FD87E022A}.Release|ARM64.ActiveCfg = Release|Any CPU
		{AE7EEA74-2FE0-136F-D797-854FD87E022A}.Release|ARM64.Build.0 = Release|Any CPU
		{AE7EEA74-2FE0-136F-D797-854FD87E022A}.Release|x64.ActiveCfg = Release|Any CPU
		{AE7EEA74-2FE0-136F-D797-854FD87E022A}.Release|x64.Build.0 = Release|Any CPU
		{AE7EEA74-2FE0-136F-D797-854FD87E022A}.Release|x86.ActiveCfg = Release|Any CPU
		{AE7EEA74-2FE0-136F-D797-854FD87E022A}.Release|x86.Build.0 = Release|Any CPU
		{6844F08C-DB0E-4034-919B-1A3EDADEBB4C}.Debug|Any CPU.ActiveCfg = Debug|Any CPU
		{6844F08C-DB0E-4034-919B-1A3EDADEBB4C}.Debug|Any CPU.Build.0 = Debug|Any CPU
		{6844F08C-DB0E-4034-919B-1A3EDADEBB4C}.Debug|ARM64.ActiveCfg = Debug|Any CPU
		{6844F08C-DB0E-4034-919B-1A3EDADEBB4C}.Debug|ARM64.Build.0 = Debug|Any CPU
		{6844F08C-DB0E-4034-919B-1A3EDADEBB4C}.Debug|x64.ActiveCfg = Debug|Any CPU
		{6844F08C-DB0E-4034-919B-1A3EDADEBB4C}.Debug|x64.Build.0 = Debug|Any CPU
		{6844F08C-DB0E-4034-919B-1A3EDADEBB4C}.Debug|x86.ActiveCfg = Debug|Any CPU
		{6844F08C-DB0E-4034-919B-1A3EDADEBB4C}.Debug|x86.Build.0 = Debug|Any CPU
		{6844F08C-DB0E-4034-919B-1A3EDADEBB4C}.Release|Any CPU.ActiveCfg = Release|Any CPU
		{6844F08C-DB0E-4034-919B-1A3EDADEBB4C}.Release|Any CPU.Build.0 = Release|Any CPU
		{6844F08C-DB0E-4034-919B-1A3EDADEBB4C}.Release|ARM64.ActiveCfg = Release|Any CPU
		{6844F08C-DB0E-4034-919B-1A3EDADEBB4C}.Release|ARM64.Build.0 = Release|Any CPU
		{6844F08C-DB0E-4034-919B-1A3EDADEBB4C}.Release|x64.ActiveCfg = Release|Any CPU
		{6844F08C-DB0E-4034-919B-1A3EDADEBB4C}.Release|x64.Build.0 = Release|Any CPU
		{6844F08C-DB0E-4034-919B-1A3EDADEBB4C}.Release|x86.ActiveCfg = Release|Any CPU
		{6844F08C-DB0E-4034-919B-1A3EDADEBB4C}.Release|x86.Build.0 = Release|Any CPU
		{38477BEA-387B-4A18-B6CA-8DCE0A9CFEA7}.Debug|Any CPU.ActiveCfg = Debug|x64
		{38477BEA-387B-4A18-B6CA-8DCE0A9CFEA7}.Debug|Any CPU.Build.0 = Debug|x64
		{38477BEA-387B-4A18-B6CA-8DCE0A9CFEA7}.Debug|ARM64.ActiveCfg = Debug|x64
		{38477BEA-387B-4A18-B6CA-8DCE0A9CFEA7}.Debug|ARM64.Build.0 = Debug|x64
		{38477BEA-387B-4A18-B6CA-8DCE0A9CFEA7}.Debug|x64.ActiveCfg = Debug|x64
		{38477BEA-387B-4A18-B6CA-8DCE0A9CFEA7}.Debug|x64.Build.0 = Debug|x64
		{38477BEA-387B-4A18-B6CA-8DCE0A9CFEA7}.Debug|x86.ActiveCfg = Debug|Win32
		{38477BEA-387B-4A18-B6CA-8DCE0A9CFEA7}.Debug|x86.Build.0 = Debug|Win32
		{38477BEA-387B-4A18-B6CA-8DCE0A9CFEA7}.Release|Any CPU.ActiveCfg = Release|x64
		{38477BEA-387B-4A18-B6CA-8DCE0A9CFEA7}.Release|Any CPU.Build.0 = Release|x64
		{38477BEA-387B-4A18-B6CA-8DCE0A9CFEA7}.Release|ARM64.ActiveCfg = Release|x64
		{38477BEA-387B-4A18-B6CA-8DCE0A9CFEA7}.Release|ARM64.Build.0 = Release|x64
		{38477BEA-387B-4A18-B6CA-8DCE0A9CFEA7}.Release|x64.ActiveCfg = Release|x64
		{38477BEA-387B-4A18-B6CA-8DCE0A9CFEA7}.Release|x64.Build.0 = Release|x64
		{38477BEA-387B-4A18-B6CA-8DCE0A9CFEA7}.Release|x86.ActiveCfg = Release|Win32
		{38477BEA-387B-4A18-B6CA-8DCE0A9CFEA7}.Release|x86.Build.0 = Release|Win32
		{7C955121-9CD5-40AE-8B6C-B79A04EBE553}.Debug|Any CPU.ActiveCfg = Debug|x64
		{7C955121-9CD5-40AE-8B6C-B79A04EBE553}.Debug|Any CPU.Build.0 = Debug|x64
		{7C955121-9CD5-40AE-8B6C-B79A04EBE553}.Debug|ARM64.ActiveCfg = Debug|x64
		{7C955121-9CD5-40AE-8B6C-B79A04EBE553}.Debug|ARM64.Build.0 = Debug|x64
		{7C955121-9CD5-40AE-8B6C-B79A04EBE553}.Debug|x64.ActiveCfg = Debug|x64
		{7C955121-9CD5-40AE-8B6C-B79A04EBE553}.Debug|x64.Build.0 = Debug|x64
		{7C955121-9CD5-40AE-8B6C-B79A04EBE553}.Debug|x86.ActiveCfg = Debug|Win32
		{7C955121-9CD5-40AE-8B6C-B79A04EBE553}.Debug|x86.Build.0 = Debug|Win32
		{7C955121-9CD5-40AE-8B6C-B79A04EBE553}.Release|Any CPU.ActiveCfg = Release|x64
		{7C955121-9CD5-40AE-8B6C-B79A04EBE553}.Release|Any CPU.Build.0 = Release|x64
		{7C955121-9CD5-40AE-8B6C-B79A04EBE553}.Release|ARM64.ActiveCfg = Release|x64
		{7C955121-9CD5-40AE-8B6C-B79A04EBE553}.Release|ARM64.Build.0 = Release|x64
		{7C955121-9CD5-40AE-8B6C-B79A04EBE553}.Release|x64.ActiveCfg = Release|x64
		{7C955121-9CD5-40AE-8B6C-B79A04EBE553}.Release|x64.Build.0 = Release|x64
		{7C955121-9CD5-40AE-8B6C-B79A04EBE553}.Release|x86.ActiveCfg = Release|Win32
		{7C955121-9CD5-40AE-8B6C-B79A04EBE553}.Release|x86.Build.0 = Release|Win32
		{C76D26F8-548E-4AF9-BDD3-E4E7657ECD50}.Debug|Any CPU.ActiveCfg = Debug|x64
		{C76D26F8-548E-4AF9-BDD3-E4E7657ECD50}.Debug|Any CPU.Build.0 = Debug|x64
		{C76D26F8-548E-4AF9-BDD3-E4E7657ECD50}.Debug|ARM64.ActiveCfg = Debug|x64
		{C76D26F8-548E-4AF9-BDD3-E4E7657ECD50}.Debug|ARM64.Build.0 = Debug|x64
		{C76D26F8-548E-4AF9-BDD3-E4E7657ECD50}.Debug|x64.ActiveCfg = Debug|x64
		{C76D26F8-548E-4AF9-BDD3-E4E7657ECD50}.Debug|x64.Build.0 = Debug|x64
		{C76D26F8-548E-4AF9-BDD3-E4E7657ECD50}.Debug|x86.ActiveCfg = Debug|Win32
		{C76D26F8-548E-4AF9-BDD3-E4E7657ECD50}.Debug|x86.Build.0 = Debug|Win32
		{C76D26F8-548E-4AF9-BDD3-E4E7657ECD50}.Release|Any CPU.ActiveCfg = Release|x64
		{C76D26F8-548E-4AF9-BDD3-E4E7657ECD50}.Release|Any CPU.Build.0 = Release|x64
		{C76D26F8-548E-4AF9-BDD3-E4E7657ECD50}.Release|ARM64.ActiveCfg = Release|x64
		{C76D26F8-548E-4AF9-BDD3-E4E7657ECD50}.Release|ARM64.Build.0 = Release|x64
		{C76D26F8-548E-4AF9-BDD3-E4E7657ECD50}.Release|x64.ActiveCfg = Release|x64
		{C76D26F8-548E-4AF9-BDD3-E4E7657ECD50}.Release|x64.Build.0 = Release|x64
		{C76D26F8-548E-4AF9-BDD3-E4E7657ECD50}.Release|x86.ActiveCfg = Release|Win32
		{C76D26F8-548E-4AF9-BDD3-E4E7657ECD50}.Release|x86.Build.0 = Release|Win32
		{1EBFC4A8-22E7-4752-BC34-B968F89DC757}.Debug|Any CPU.ActiveCfg = Debug|x64
		{1EBFC4A8-22E7-4752-BC34-B968F89DC757}.Debug|Any CPU.Build.0 = Debug|x64
		{1EBFC4A8-22E7-4752-BC34-B968F89DC757}.Debug|ARM64.ActiveCfg = Debug|x64
		{1EBFC4A8-22E7-4752-BC34-B968F89DC757}.Debug|ARM64.Build.0 = Debug|x64
		{1EBFC4A8-22E7-4752-BC34-B968F89DC757}.Debug|x64.ActiveCfg = Debug|x64
		{1EBFC4A8-22E7-4752-BC34-B968F89DC757}.Debug|x64.Build.0 = Debug|x64
		{1EBFC4A8-22E7-4752-BC34-B968F89DC757}.Debug|x86.ActiveCfg = Debug|Win32
		{1EBFC4A8-22E7-4752-BC34-B968F89DC757}.Debug|x86.Build.0 = Debug|Win32
		{1EBFC4A8-22E7-4752-BC34-B968F89DC757}.Release|Any CPU.ActiveCfg = Release|x64
		{1EBFC4A8-22E7-4752-BC34-B968F89DC757}.Release|Any CPU.Build.0 = Release|x64
		{1EBFC4A8-22E7-4752-BC34-B968F89DC757}.Release|ARM64.ActiveCfg = Release|x64
		{1EBFC4A8-22E7-4752-BC34-B968F89DC757}.Release|ARM64.Build.0 = Release|x64
		{1EBFC4A8-22E7-4752-BC34-B968F89DC757}.Release|x64.ActiveCfg = Release|x64
		{1EBFC4A8-22E7-4752-BC34-B968F89DC757}.Release|x64.Build.0 = Release|x64
		{1EBFC4A8-22E7-4752-BC34-B968F89DC757}.Release|x86.ActiveCfg = Release|Win32
		{1EBFC4A8-22E7-4752-BC34-B968F89DC757}.Release|x86.Build.0 = Release|Win32
		{C6494044-85D7-486D-AAF6-D9B11C69CCE3}.Debug|Any CPU.ActiveCfg = Debug|Any CPU
		{C6494044-85D7-486D-AAF6-D9B11C69CCE3}.Debug|Any CPU.Build.0 = Debug|Any CPU
		{C6494044-85D7-486D-AAF6-D9B11C69CCE3}.Debug|ARM64.ActiveCfg = Debug|Any CPU
		{C6494044-85D7-486D-AAF6-D9B11C69CCE3}.Debug|ARM64.Build.0 = Debug|Any CPU
		{C6494044-85D7-486D-AAF6-D9B11C69CCE3}.Debug|x64.ActiveCfg = Debug|Any CPU
		{C6494044-85D7-486D-AAF6-D9B11C69CCE3}.Debug|x64.Build.0 = Debug|Any CPU
		{C6494044-85D7-486D-AAF6-D9B11C69CCE3}.Debug|x86.ActiveCfg = Debug|Any CPU
		{C6494044-85D7-486D-AAF6-D9B11C69CCE3}.Debug|x86.Build.0 = Debug|Any CPU
		{C6494044-85D7-486D-AAF6-D9B11C69CCE3}.Release|Any CPU.ActiveCfg = Release|Any CPU
		{C6494044-85D7-486D-AAF6-D9B11C69CCE3}.Release|Any CPU.Build.0 = Release|Any CPU
		{C6494044-85D7-486D-AAF6-D9B11C69CCE3}.Release|ARM64.ActiveCfg = Release|Any CPU
		{C6494044-85D7-486D-AAF6-D9B11C69CCE3}.Release|ARM64.Build.0 = Release|Any CPU
		{C6494044-85D7-486D-AAF6-D9B11C69CCE3}.Release|x64.ActiveCfg = Release|Any CPU
		{C6494044-85D7-486D-AAF6-D9B11C69CCE3}.Release|x64.Build.0 = Release|Any CPU
		{C6494044-85D7-486D-AAF6-D9B11C69CCE3}.Release|x86.ActiveCfg = Release|Any CPU
		{C6494044-85D7-486D-AAF6-D9B11C69CCE3}.Release|x86.Build.0 = Release|Any CPU
	EndGlobalSection
	GlobalSection(SolutionProperties) = preSolution
		HideSolutionNode = FALSE
	EndGlobalSection
	GlobalSection(NestedProjects) = preSolution
		{C8D5274F-AC00-46C7-1F8D-E88E81087A52} = {2A3A057F-5D22-31FD-628C-DF5EF75AEF1E}
		{F0F87F94-7836-4275-9E8B-AF797CBC0540} = {2A3A057F-5D22-31FD-628C-DF5EF75AEF1E}
		{1A67903F-5C0B-4FD6-876B-B0088C77C6B6} = {2A3A057F-5D22-31FD-628C-DF5EF75AEF1E}
		{1EAD1855-C4A5-4C63-AC48-2766B77829DD} = {2A3A057F-5D22-31FD-628C-DF5EF75AEF1E}
		{04961DE9-96A0-4081-AB5A-BAF900334FF2} = {2A3A057F-5D22-31FD-628C-DF5EF75AEF1E}
	EndGlobalSection
	GlobalSection(ExtensibilityGlobals) = postSolution
		SolutionGuid = {1D7E6752-8BC7-4122-B538-33B39EB8EA38}
	EndGlobalSection
EndGlobal
